---
sources:
- name: ruby/gem_rbs_collection
  remote: https://github.com/ruby/gem_rbs_collection.git
  revision: main
  repo_dir: gems
path: ".gem_rbs_collection"
gems:
- name: pathname
  version: '0'
  source:
    type: stdlib
- name: yaml
  version: '0'
  source:
    type: stdlib
- name: ast
  version: '2.4'
  source:
    type: git
    name: ruby/gem_rbs_collection
    revision: 03012a67119a706eb045ed758b8366b03eefc3cd
    remote: https://github.com/ruby/gem_rbs_collection.git
    repo_dir: gems
- name: rainbow
  version: '3.0'
  source:
    type: git
    name: ruby/gem_rbs_collection
    revision: 03012a67119a706eb045ed758b8366b03eefc3cd
    remote: https://github.com/ruby/gem_rbs_collection.git
    repo_dir: gems
- name: dbm
  version: '0'
  source:
    type: stdlib
- name: pstore
  version: '0'
  source:
    type: stdlib
gemfile_lock_path: Gemfile.lock
